
Microsoft Visual Studio Solution File, Format Version 12.00
# Visual Studio 2012
Project("{8BC9CEB8-8B4A-11D0-8D11-00A0C91BC942}") = "Robot", "Robot\Robot.vcxproj", "{97617EBC-E48C-4A39-8BC3-57A94D8D1882}"
EndProject
Global
	GlobalSection(SolutionConfigurationPlatforms) = preSolution
		Debug|Win32 = Debug|Win32
		Release|Win32 = Release|Win32
	EndGlobalSection
	GlobalSection(ProjectConfigurationPlatforms) = postSolution
		{97617EBC-E48C-4A39-8BC3-57A94D8D1882}.Debug|Win32.ActiveCfg = Debug|Win32
		{97617EBC-E48C-4A39-8BC3-57A94D8D1882}.Debug|Win32.Build.0 = Debug|Win32
		{97617EBC-E48C-4A39-8BC3-57A94D8D1882}.Release|Win32.ActiveCfg = Release|Win32
		{97617EBC-E48C-4A39-8BC3-57A94D8D1882}.Release|Win32.Build.0 = Release|Win32
	EndGlobalSection
	GlobalSection(SolutionProperties) = preSolution
		HideSolutionNode = FALSE
	EndGlobalSection
EndGlobal
